// !$*UTF8*$!
{
	archiveVersion = 1;
	classes = {
	};
	objectVersion = 46;
	objects = {

/* Begin PBXBuildFile section */
		09DCDE4B1C12F6400083426E /* AppDelegate.swift in Sources */ = {isa = PBXBuildFile; fileRef = 09DCDE4A1C12F6400083426E /* AppDelegate.swift */; };
		09DCDE4D1C12F6400083426E /* GameScene.sks in Resources */ = {isa = PBXBuildFile; fileRef = 09DCDE4C1C12F6400083426E /* GameScene.sks */; };
		09DCDE4F1C12F6400083426E /* GameScene.swift in Sources */ = {isa = PBXBuildFile; fileRef = 09DCDE4E1C12F6400083426E /* GameScene.swift */; };
		09DCDE511C12F6400083426E /* GameViewController.swift in Sources */ = {isa = PBXBuildFile; fileRef = 09DCDE501C12F6400083426E /* GameViewController.swift */; };
		09DCDE541C12F6400083426E /* Main.storyboard in Resources */ = {isa = PBXBuildFile; fileRef = 09DCDE521C12F6400083426E /* Main.storyboard */; };
		09DCDE561C12F6400083426E /* Assets.xcassets in Resources */ = {isa = PBXBuildFile; fileRef = 09DCDE551C12F6400083426E /* Assets.xcassets */; };
		09DCDE591C12F6400083426E /* LaunchScreen.storyboard in Resources */ = {isa = PBXBuildFile; fileRef = 09DCDE571C12F6400083426E /* LaunchScreen.storyboard */; };
/* End PBXBuildFile section */

/* Begin PBXFileReference section */
		09DCDE471C12F6400083426E /* FlappyBird.app */ = {isa = PBXFileReference; explicitFileType = wrapper.application; includeInIndex = 0; path = FlappyBird.app; sourceTree = BUILT_PRODUCTS_DIR; };
		09DCDE4A1C12F6400083426E /* AppDelegate.swift */ = {isa = PBXFileReference; lastKnownFileType = sourcecode.swift; path = AppDelegate.swift; sourceTree = "<group>"; };
		09DCDE4C1C12F6400083426E /* GameScene.sks */ = {isa = PBXFileReference; lastKnownFileType = file.sks; path = GameScene.sks; sourceTree = "<group>"; };
		09DCDE4E1C12F6400083426E /* GameScene.swift */ = {isa = PBXFileReference; lastKnownFileType = sourcecode.swift; path = GameScene.swift; sourceTree = "<group>"; };
		09DCDE501C12F6400083426E /* GameViewController.swift */ = {isa = PBXFileReference; lastKnownFileType = sourcecode.swift; path = GameViewController.swift; sourceTree = "<group>"; };
		09DCDE531C12F6400083426E /* Base */ = {isa = PBXFileReference; lastKnownFileType = file.storyboard; name = Base; path = Base.lproj/Main.storyboard; sourceTree = "<group>"; };
		09DCDE551C12F6400083426E /* Assets.xcassets */ = {isa = PBXFileReference; lastKnownFileType = folder.assetcatalog; path = Assets.xcassets; sourceTree = "<group>"; };
		09DCDE581C12F6400083426E /* Base */ = {isa = PBXFileReference; lastKnownFileType = file.storyboard; name = Base; path = Base.lproj/LaunchScreen.storyboard; sourceTree = "<group>"; };
		09DCDE5A1C12F6400083426E /* Info.plist */ = {isa = PBXFileReference; lastKnownFileType = text.plist.xml; path = Info.plist; sourceTree = "<group>"; };
/* End PBXFileReference section */

/* Begin PBXFrameworksBuildPhase section */
		09DCDE441C12F6400083426E /* Frameworks */ = {
			isa = PBXFrameworksBuildPhase;
			buildActionMask = 2147483647;
			files = (
			);
			runOnlyForDeploymentPostprocessing = 0;
		};
/* End PBXFrameworksBuildPhase section */

/* Begin PBXGroup section */
		09DCDE3E1C12F6400083426E = {
			isa = PBXGroup;
			children = (
				09DCDE491C12F6400083426E /* FlappyBird */,
				09DCDE481C12F6400083426E /* Products */,
			);
			sourceTree = "<group>";
		};
		09DCDE481C12F6400083426E /* Products */ = {
			isa = PBXGroup;
			children = (
				09DCDE471C12F6400083426E /* FlappyBird.app */,
			);
			name = Products;
			sourceTree = "<group>";
		};
		09DCDE491C12F6400083426E /* FlappyBird */ = {
			isa = PBXGroup;
			children = (
				09DCDE4A1C12F6400083426E /* AppDelegate.swift */,
				09DCDE4C1C12F6400083426E /* GameScene.sks */,
				09DCDE4E1C12F6400083426E /* GameScene.swift */,
				09DCDE501C12F6400083426E /* GameViewController.swift */,
				09DCDE521C12F6400083426E /* Main.storyboard */,
				09DCDE551C12F6400083426E /* Assets.xcassets */,
				09DCDE571C12F6400083426E /* LaunchScreen.storyboard */,
				09DCDE5A1C12F6400083426E /* Info.plist */,
			);
			path = FlappyBird;
			sourceTree = "<group>";
		};
/* End PBXGroup section */

/* Begin PBXNativeTarget section */
		09DCDE461C12F6400083426E /* FlappyBird */ = {
			isa = PBXNativeTarget;
			buildConfigurationList = 09DCDE5D1C12F6400083426E /* Build configuration list for PBXNativeTarget "FlappyBird" */;
			buildPhases = (
				09DCDE431C12F6400083426E /* Sources */,
				09DCDE441C12F6400083426E /* Frameworks */,
				09DCDE451C12F6400083426E /* Resources */,
			);
			buildRules = (
			);
			dependencies = (
			);
			name = FlappyBird;
			productName = FlappyBird;
			productReference = 09DCDE471C12F6400083426E /* FlappyBird.app */;
			productType = "com.apple.product-type.application";
		};
/* End PBXNativeTarget section */

/* Begin PBXProject section */
		09DCDE3F1C12F6400083426E /* Project object */ = {
			isa = PBXProject;
			attributes = {
				LastSwiftUpdateCheck = 0710;
				LastUpgradeCheck = 0710;
				ORGANIZATIONNAME = baby;
				TargetAttributes = {
					09DCDE461C12F6400083426E = {
						CreatedOnToolsVersion = 7.1.1;
					};
				};
			};
			buildConfigurationList = 09DCDE421C12F6400083426E /* Build configuration list for PBXProject "FlappyBird" */;
			compatibilityVersion = "Xcode 3.2";
			developmentRegion = English;
			hasScannedForEncodings = 0;
			knownRegions = (
				en,
				Base,
			);
			mainGroup = 09DCDE3E1C12F6400083426E;
			productRefGroup = 09DCDE481C12F6400083426E /* Products */;
			projectDirPath = "";
			projectRoot = "";
			targets = (
				09DCDE461C12F6400083426E /* FlappyBird */,
			);
		};
/* End PBXProject section */

/* Begin PBXResourcesBuildPhase section */
		09DCDE451C12F6400083426E /* Resources */ = {
			isa = PBXResourcesBuildPhase;
			buildActionMask = 2147483647;
			files = (
				09DCDE4D1C12F6400083426E /* GameScene.sks in Resources */,
				09DCDE591C12F6400083426E /* LaunchScreen.storyboard in Resources */,
				09DCDE561C12F6400083426E /* Assets.xcassets in Resources */,
				09DCDE541C12F6400083426E /* Main.storyboard in Resources */,
			);
			runOnlyForDeploymentPostprocessing = 0;
		};
/* End PBXResourcesBuildPhase section */

/* Begin PBXSourcesBuildPhase section */
		09DCDE431C12F6400083426E /* Sources */ = {
			isa = PBXSourcesBuildPhase;
			buildActionMask = 2147483647;
			files = (
				09DCDE4F1C12F6400083426E /* GameScene.swift in Sources */,
				09DCDE511C12F6400083426E /* GameViewController.swift in Sources */,
				09DCDE4B1C12F6400083426E /* AppDelegate.swift in Sources */,
			);
			runOnlyForDeploymentPostprocessing = 0;
		};
/* End PBXSourcesBuildPhase section */

/* Begin PBXVariantGroup section */
		09DCDE521C12F6400083426E /* Main.storyboard */ = {
			isa = PBXVariantGroup;
			children = (
				09DCDE531C12F6400083426E /* Base */,
			);
			name = Main.storyboard;
			sourceTree = "<group>";
		};
		09DCDE571C12F6400083426E /* LaunchScreen.storyboard */ = {
			isa = PBXVariantGroup;
			children = (
				09DCDE581C12F6400083426E /* Base */,
			);
			name = LaunchScreen.storyboard;
			sourceTree = "<group>";
		};
/* End PBXVariantGroup section */

/* Begin XCBuildConfiguration section */
		09DCDE5B1C12F6400083426E /* Debug */ = {
			isa = XCBuildConfiguration;
			buildSettings = {
				ALWAYS_SEARCH_USER_PATHS = NO;
				CLANG_CXX_LANGUAGE_STANDARD = "gnu++0x";
				CLANG_CXX_LIBRARY = "libc++";
				CLANG_ENABLE_MODULES = YES;
				CLANG_ENABLE_OBJC_ARC = YES;
				CLANG_WARN_BOOL_CONVERSION = YES;
				CLANG_WARN_CONSTANT_CONVERSION = YES;
				CLANG_WARN_DIRECT_OBJC_ISA_USAGE = YES_ERROR;
				CLANG_WARN_EMPTY_BODY = YES;
				CLANG_WARN_ENUM_CONVERSION = YES;
				CLANG_WARN_INT_CONVERSION = YES;
				CLANG_WARN_OBJC_ROOT_CLASS = YES_ERROR;
				CLANG_WARN_UNREACHABLE_CODE = YES;
				CLANG_WARN__DUPLICATE_METHOD_MATCH = YES;
				"CODE_SIGN_IDENTITY[sdk=iphoneos*]" = "iPhone Developer";
				COPY_PHASE_STRIP = NO;
				DEBUG_INFORMATION_FORMAT = "dwarf-with-dsym";
				ENABLE_STRICT_OBJC_MSGSEND = YES;
				ENABLE_TESTABILITY = YES;
				GCC_C_LANGUAGE_STANDARD = gnu99;
				GCC_DYNAMIC_NO_PIC = NO;
				GCC_NO_COMMON_BLOCKS = YES;
				GCC_OPTIMIZATION_LEVEL = 0;
				GCC_PREPROCESSOR_DEFINITIONS = (
					"DEBUG=1",
					"$(inherited)",
				);
				GCC_WARN_64_TO_32_BIT_CONVERSION = YES;
				GCC_WARN_ABOUT_RETURN_TYPE = YES_ERROR;
				GCC_WARN_UNDECLARED_SELECTOR = YES;
				GCC_WARN_UNINITIALIZED_AUTOS = YES_AGGRESSIVE;
				GCC_WARN_UNUSED_FUNCTION = YES;
				GCC_WARN_UNUSED_VARIABLE = YES;
				IPHONEOS_DEPLOYMENT_TARGET = 9.1;
				MTL_ENABLE_DEBUG_INFO = YES;
				ONLY_ACTIVE_ARCH = YES;
				SDKROOT = iphoneos;
				SWIFT_OPTIMIZATION_LEVEL = "-Onone";
			};
			name = Debug;
		};
		09DCDE5C1C12F6400083426E /* Release */ = {
			isa = XCBuildConfiguration;
			buildSettings = {
				ALWAYS_SEARCH_USER_PATHS = NO;
				CLANG_CXX_LANGUAGE_STANDARD = "gnu++0x";
				CLANG_CXX_LIBRARY = "libc++";
				CLANG_ENABLE_MODULES = YES;
				CLANG_ENABLE_OBJC_ARC = YES;
				CLANG_WARN_BOOL_CONVERSION = YES;
				CLANG_WARN_CONSTANT_CONVERSION = YES;
				CLANG_WARN_DIRECT_OBJC_ISA_USAGE = YES_ERROR;
				CLANG_WARN_EMPTY_BODY = YES;
				CLANG_WARN_ENUM_CONVERSION = YES;
				CLANG_WARN_INT_CONVERSION = YES;
				CLANG_WARN_OBJC_ROOT_CLASS = YES_ERROR;
				CLANG_WARN_UNREACHABLE_CODE = YES;
				CLANG_WARN__DUPLICATE_METHOD_MATCH = YES;
				"CODE_SIGN_IDENTITY[sdk=iphoneos*]" = "iPhone Developer";
				COPY_PHASE_STRIP = NO;
				DEBUG_INFORMATION_FORMAT = "dwarf-with-dsym";
				ENABLE_NS_ASSERTIONS = NO;
				ENABLE_STRICT_OBJC_MSGSEND = YES;
				GCC_C_LANGUAGE_STANDARD = gnu99;
				GCC_NO_COMMON_BLOCKS = YES;
				GCC_WARN_64_TO_32_BIT_CONVERSION = YES;
				GCC_WARN_ABOUT_RETURN_TYPE = YES_ERROR;
				GCC_WARN_UNDECLARED_SELECTOR = YES;
				GCC_WARN_UNINITIALIZED_AUTOS = YES_AGGRESSIVE;
				GCC_WARN_UNUSED_FUNCTION = YES;
				GCC_WARN_UNUSED_VARIABLE = YES;
				IPHONEOS_DEPLOYMENT_TARGET = 9.1;
				MTL_ENABLE_DEBUG_INFO = NO;
				SDKROOT = iphoneos;
				VALIDATE_PRODUCT = YES;
			};
			name = Release;
		};
		09DCDE5E1C12F6400083426E /* Debug */ = {
			isa = XCBuildConfiguration;
			buildSettings = {
				ASSETCATALOG_COMPILER_APPICON_NAME = AppIcon;
				INFOPLIST_FILE = FlappyBird/Info.plist;
				LD_RUNPATH_SEARCH_PATHS = "$(inherited) @executable_path/Frameworks";
				PRODUCT_BUNDLE_IDENTIFIER = "com.Beijing-Gold-Finger-Education-Technology-LLC.FlappyBird";
				PRODUCT_NAME = "$(TARGET_NAME)";
			};
			name = Debug;
		};
		09DCDE5F1C12F6400083426E /* Release */ = {
			isa = XCBuildConfiguration;
			buildSettings = {
				ASSETCATALOG_COMPILER_APPICON_NAME = AppIcon;
				INFOPLIST_FILE = FlappyBird/Info.plist;
				LD_RUNPATH_SEARCH_PATHS = "$(inherited) @executable_path/Frameworks";
				PRODUCT_BUNDLE_IDENTIFIER = "com.Beijing-Gold-Finger-Education-Technology-LLC.FlappyBird";
				PRODUCT_NAME = "$(TARGET_NAME)";
			};
			name = Release;
		};
/* End XCBuildConfiguration section */

/* Begin XCConfigurationList section */
		09DCDE421C12F6400083426E /* Build configuration list for PBXProject "FlappyBird" */ = {
			isa = XCConfigurationList;
			buildConfigurations = (
				09DCDE5B1C12F6400083426E /* Debug */,
				09DCDE5C1C12F6400083426E /* Release */,
			);
			defaultConfigurationIsVisible = 0;
			defaultConfigurationName = Release;
		};
		09DCDE5D1C12F6400083426E /* Build configuration list for PBXNativeTarget "FlappyBird" */ = {
			isa = XCConfigurationList;
			buildConfigurations = (
				09DCDE5E1C12F6400083426E /* Debug */,
				09DCDE5F1C12F6400083426E /* Release */,
			);
			defaultConfigurationIsVisible = 0;
		};
/* End XCConfigurationList section */
	};
	rootObject = 09DCDE3F1C12F6400083426E /* Project object */;
}
